
Microsoft Visual Studio Solution File, Format Version 12.00
# Visual Studio Version 16
VisualStudioVersion = 16.0.32002.261
MinimumVisualStudioVersion = 10.0.40219.1
Project("{FAE04EC0-301F-11D3-BF4B-00C04F79EFBC}") = "Solver_Sample1", "Solver_Sample1.csproj", "{B1257FBD-4E88-4AD0-A456-7046365395EA}"
EndProject
Global
	GlobalSection(SolutionConfigurationPlatforms) = preSolution
		Debug|Any CPU = Debug|Any CPU
		Release|Any CPU = Release|Any CPU
	EndGlobalSection
	GlobalSection(ProjectConfigurationPlatforms) = postSolution
		{B1257FBD-4E88-4AD0-A456-7046365395EA}.Debug|Any CPU.ActiveCfg = Debug|Any CPU
		{B1257FBD-4E88-4AD0-A456-7046365395EA}.Debug|Any CPU.Build.0 = Debug|Any CPU
		{B1257FBD-4E88-4AD0-A456-7046365395EA}.Release|Any CPU.ActiveCfg = Release|Any CPU
		{B1257FBD-4E88-4AD0-A456-7046365395EA}.Release|Any CPU.Build.0 = Release|Any CPU
	EndGlobalSection
	GlobalSection(SolutionProperties) = preSolution
		HideSolutionNode = FALSE
	EndGlobalSection
	GlobalSection(ExtensibilityGlobals) = postSolution
		SolutionGuid = {04A277F1-638B-4811-9884-BC3F0C150E8C}
	EndGlobalSection
EndGlobal
